<?xml version="1.0" encoding="utf-8"?>
<Project ToolsVersion="4.0" xmlns="http://schemas.microsoft.com/developer/msbuild/2003">
  <ItemGroup>
    <ClCompile Include="pch.cpp" />
    <ClCompile Include="allTests.cpp">
      <Filter>tests</Filter>
    </ClCompile>
    <ClCompile Include="TestPoint.cpp">
      <Filter>tests</Filter>
    </ClCompile>
    <ClCompile Include="point.cpp">
      <Filter>sources</Filter>
    </ClCompile>
    <ClCompile Include="BSpline.cpp">
      <Filter>sources</Filter>
    </ClCompile>
    <ClCompile Include="splineFunctions.cpp">
      <Filter>sources</Filter>
    </ClCompile>
    <ClCompile Include="Maths.cpp">
      <Filter>sources</Filter>
    </ClCompile>
    <ClCompile Include="TestMaths.cpp">
      <Filter>tests</Filter>
    </ClCompile>
    <ClCompile Include="TestWriteOBJ.cpp">
      <Filter>tests</Filter>
    </ClCompile>
    <ClCompile Include="TestHalfEdge.cpp">
      <Filter>tests</Filter>
    </ClCompile>
    <ClCompile Include="TestObjRead.cpp">
      <Filter>tests</Filter>
    </ClCompile>
    <ClCompile Include="MeshConvert.cpp">
      <Filter>sources</Filter>
    </ClCompile>
    <ClCompile Include="ReadObj.cpp">
      <Filter>sources</Filter>
    </ClCompile>
    <ClCompile Include="HalfeEdge.cpp">
      <Filter>sources</Filter>
    </ClCompile>
    <ClCompile Include="WriteObj.cpp">
      <Filter>sources</Filter>
    </ClCompile>
    <ClCompile Include="TestMultipatch.cpp">
      <Filter>tests</Filter>
    </ClCompile>
    <ClCompile Include="MultiPatch.cpp">
      <Filter>sources</Filter>
    </ClCompile>
    <ClCompile Include="Example.cpp">
      <Filter>examples</Filter>
    </ClCompile>
    <ClCompile Include="knotInsertion_Splines.cpp">
      <Filter>sources</Filter>
    </ClCompile>
    <ClCompile Include="TestKnotInsertion_splines.cpp">
      <Filter>tests</Filter>
    </ClCompile>
  </ItemGroup>
  <ItemGroup>
    <ClInclude Include="pch.h" />
    <ClInclude Include="TestBSpline.cpp">
      <Filter>tests</Filter>
    </ClInclude>
    <ClInclude Include="TestSplineFunction.cpp">
      <Filter>tests</Filter>
    </ClInclude>
    <ClInclude Include="TestConvert.cpp">
      <Filter>tests</Filter>
    </ClInclude>
    <ClInclude Include="Example.h">
      <Filter>headers</Filter>
    </ClInclude>
    <ClInclude Include="MultiPatch.h">
      <Filter>headers</Filter>
    </ClInclude>
    <ClInclude Include="ApproximateCatmullClark.h">
      <Filter>Todo</Filter>
    </ClInclude>
    <ClInclude Include="functionApproximation.h">
      <Filter>Todo</Filter>
    </ClInclude>
    <ClInclude Include="ReadObj.h">
      <Filter>headers\inOut</Filter>
    </ClInclude>
    <ClInclude Include="WriteObj.h">
      <Filter>headers\inOut</Filter>
    </ClInclude>
    <ClInclude Include="BSpline.h">
      <Filter>headers\Splines</Filter>
    </ClInclude>
    <ClInclude Include="splineFunctions.h">
      <Filter>headers\Splines</Filter>
    </ClInclude>
    <ClInclude Include="Maths.h">
      <Filter>headers\Splines</Filter>
    </ClInclude>
    <ClInclude Include="OBJMesh.h">
      <Filter>headers\ObjMesh</Filter>
    </ClInclude>
    <ClInclude Include="point.h">
      <Filter>headers\ObjMesh</Filter>
    </ClInclude>
    <ClInclude Include="HalfeEdge.h">
      <Filter>headers\halfeEdgeMeshes</Filter>
    </ClInclude>
    <ClInclude Include="MeshConvert.h">
      <Filter>headers\halfeEdgeMeshes</Filter>
    </ClInclude>
    <ClInclude Include="unstructuredSplines.h">
      <Filter>Todo</Filter>
    </ClInclude>
    <ClInclude Include="knotInsertion_Splines.h">
      <Filter>headers\Splines</Filter>
    </ClInclude>
    <ClInclude Include="SymbolicComputations.h">
      <Filter>Todo</Filter>
    </ClInclude>
  </ItemGroup>
  <ItemGroup>
    <Filter Include="sources">
      <UniqueIdentifier>{3c060a7a-02da-4b46-a564-a6f9f95c44eb}</UniqueIdentifier>
    </Filter>
    <Filter Include="headers">
      <UniqueIdentifier>{271c249e-12bb-4d96-95cb-6055894c194f}</UniqueIdentifier>
    </Filter>
    <Filter Include="tests">
      <UniqueIdentifier>{fc118fdc-84e2-429b-a864-7318e1ab485e}</UniqueIdentifier>
    </Filter>
    <Filter Include="examples">
      <UniqueIdentifier>{4cb36301-6c28-4fcb-aa57-9157b62acd2e}</UniqueIdentifier>
    </Filter>
    <Filter Include="Todo">
      <UniqueIdentifier>{1348dac0-92aa-49d4-a0e8-ce90c5ef9d37}</UniqueIdentifier>
    </Filter>
    <Filter Include="headers\inOut">
      <UniqueIdentifier>{9ff5d289-74b6-4cd2-8ef1-5089f6e99c05}</UniqueIdentifier>
    </Filter>
    <Filter Include="headers\Splines">
      <UniqueIdentifier>{26e3bc83-a36a-4346-b407-7f7e13534bad}</UniqueIdentifier>
    </Filter>
    <Filter Include="headers\ObjMesh">
      <UniqueIdentifier>{49ab96cd-b819-49cb-ba68-216d4e3436fc}</UniqueIdentifier>
    </Filter>
    <Filter Include="headers\halfeEdgeMeshes">
      <UniqueIdentifier>{a5bca56b-15af-44e5-864a-aecc8f764a85}</UniqueIdentifier>
    </Filter>
  </ItemGroup>
  <ItemGroup>
    <None Include="packages.config" />
  </ItemGroup>
</Project>